
Microsoft Visual Studio Solution File, Format Version 12.00
# Visual Studio Version 16
VisualStudioVersion = 16.0.28803.202
MinimumVisualStudioVersion = 10.0.40219.1
Project("{888888A0-9F3D-457C-B088-3A5042F75D52}") = "taobaoqiangdan", "taobaoqiangdan.pyproj", "{6DC7FCE1-2C53-4D59-AA97-D7527E5AAB31}"
EndProject
Global
	GlobalSection(SolutionConfigurationPlatforms) = preSolution
		Debug|Any CPU = Debug|Any CPU
		Release|Any CPU = Release|Any CPU
	EndGlobalSection
	GlobalSection(ProjectConfigurationPlatforms) = postSolution
		{6DC7FCE1-2C53-4D59-AA97-D7527E5AAB31}.Debug|Any CPU.ActiveCfg = Debug|Any CPU
		{6DC7FCE1-2C53-4D59-AA97-D7527E5AAB31}.Release|Any CPU.ActiveCfg = Release|Any CPU
	EndGlobalSection
	GlobalSection(SolutionProperties) = preSolution
		HideSolutionNode = FALSE
	EndGlobalSection
	GlobalSection(ExtensibilityGlobals) = postSolution
		SolutionGuid = {070F4D52-241B-4ADE-945D-8011D8FC7AA5}
	EndGlobalSection
EndGlobal
